
Microsoft Visual Studio Solution File, Format Version 12.00
# Visual Studio 2012
Project("{FAE04EC0-301F-11D3-BF4B-00C04F79EFBC}") = "FileVer", "FileVer\FileVer.csproj", "{62D1F56B-AD28-4C3D-9151-64455B3EE27A}"
EndProject
Project("{2150E333-8FDC-42A3-9474-1A3956D46DE8}") = ".nuget", ".nuget", "{1801ED21-3E38-41E0-9F87-1FED84AA2B9D}"
	ProjectSection(SolutionItems) = preProject
		.nuget\NuGet.Config = .nuget\NuGet.Config
		.nuget\NuGet.exe = .nuget\NuGet.exe
		.nuget\NuGet.targets = .nuget\NuGet.targets
	EndProjectSection
EndProject
Project("{2150E333-8FDC-42A3-9474-1A3956D46DE8}") = "Solution Items", "Solution Items", "{A2C5A3EB-11C9-4FCD-BF8B-4B4B3DD13810}"
	ProjectSection(SolutionItems) = preProject
		FileVer\MAKEFILE = FileVer\MAKEFILE
	EndProjectSection
EndProject
Global
	GlobalSection(SolutionConfigurationPlatforms) = preSolution
		Debug|Any CPU = Debug|Any CPU
		Release|Any CPU = Release|Any CPU
	EndGlobalSection
	GlobalSection(ProjectConfigurationPlatforms) = postSolution
		{62D1F56B-AD28-4C3D-9151-64455B3EE27A}.Debug|Any CPU.ActiveCfg = Debug|Any CPU
		{62D1F56B-AD28-4C3D-9151-64455B3EE27A}.Debug|Any CPU.Build.0 = Debug|Any CPU
		{62D1F56B-AD28-4C3D-9151-64455B3EE27A}.Release|Any CPU.ActiveCfg = Release|Any CPU
		{62D1F56B-AD28-4C3D-9151-64455B3EE27A}.Release|Any CPU.Build.0 = Release|Any CPU
	EndGlobalSection
	GlobalSection(SolutionProperties) = preSolution
		HideSolutionNode = FALSE
	EndGlobalSection
EndGlobal
